
Microsoft Visual Studio Solution File, Format Version 12.00
# Visual Studio Version 17
VisualStudioVersion = 17.10.35122.118
MinimumVisualStudioVersion = 10.0.40219.1
Project("{9A19103F-16F7-4668-BE54-9A1E7A4F7556}") = "LINQ-Test", "LINQ-Test\LINQ-Test.csproj", "{3454D5FB-82FE-4A48-8AAC-16B2805E15B7}"
EndProject
Project("{FAE04EC0-301F-11D3-BF4B-00C04F79EFBC}") = "xUnit LINQ", "xUnit LINQ\xUnit LINQ.csproj", "{1B1F7871-A137-45E0-BA20-F014533756E1}"
EndProject
Global
	GlobalSection(SolutionConfigurationPlatforms) = preSolution
		Debug|Any CPU = Debug|Any CPU
		Release|Any CPU = Release|Any CPU
	EndGlobalSection
	GlobalSection(ProjectConfigurationPlatforms) = postSolution
		{3454D5FB-82FE-4A48-8AAC-16B2805E15B7}.Debug|Any CPU.ActiveCfg = Debug|Any CPU
		{3454D5FB-82FE-4A48-8AAC-16B2805E15B7}.Debug|Any CPU.Build.0 = Debug|Any CPU
		{3454D5FB-82FE-4A48-8AAC-16B2805E15B7}.Release|Any CPU.ActiveCfg = Release|Any CPU
		{3454D5FB-82FE-4A48-8AAC-16B2805E15B7}.Release|Any CPU.Build.0 = Release|Any CPU
		{1B1F7871-A137-45E0-BA20-F014533756E1}.Debug|Any CPU.ActiveCfg = Debug|Any CPU
		{1B1F7871-A137-45E0-BA20-F014533756E1}.Debug|Any CPU.Build.0 = Debug|Any CPU
		{1B1F7871-A137-45E0-BA20-F014533756E1}.Release|Any CPU.ActiveCfg = Release|Any CPU
		{1B1F7871-A137-45E0-BA20-F014533756E1}.Release|Any CPU.Build.0 = Release|Any CPU
	EndGlobalSection
	GlobalSection(SolutionProperties) = preSolution
		HideSolutionNode = FALSE
	EndGlobalSection
	GlobalSection(ExtensibilityGlobals) = postSolution
		SolutionGuid = {4053A78E-5945-4920-B1DF-C7E201A18362}
	EndGlobalSection
EndGlobal
